
Microsoft Visual Studio Solution File, Format Version 12.00
# Visual Studio Version 17
VisualStudioVersion = 17.3.32825.248
MinimumVisualStudioVersion = 10.0.40219.1
Project("{FAE04EC0-301F-11D3-BF4B-00C04F79EFBC}") = "BracketsTestApp", "BracketsTestApp\BracketsTestApp.csproj", "{10AD5A72-0DE2-401E-BB36-D9C31508DF39}"
EndProject
Global
	GlobalSection(SolutionConfigurationPlatforms) = preSolution
		Debug|Any CPU = Debug|Any CPU
		Release|Any CPU = Release|Any CPU
	EndGlobalSection
	GlobalSection(ProjectConfigurationPlatforms) = postSolution
		{10AD5A72-0DE2-401E-BB36-D9C31508DF39}.Debug|Any CPU.ActiveCfg = Debug|Any CPU
		{10AD5A72-0DE2-401E-BB36-D9C31508DF39}.Debug|Any CPU.Build.0 = Debug|Any CPU
		{10AD5A72-0DE2-401E-BB36-D9C31508DF39}.Release|Any CPU.ActiveCfg = Release|Any CPU
		{10AD5A72-0DE2-401E-BB36-D9C31508DF39}.Release|Any CPU.Build.0 = Release|Any CPU
	EndGlobalSection
	GlobalSection(SolutionProperties) = preSolution
		HideSolutionNode = FALSE
	EndGlobalSection
	GlobalSection(ExtensibilityGlobals) = postSolution
		SolutionGuid = {E48181F2-2622-4513-AD86-5D6B555A548B}
	EndGlobalSection
EndGlobal
